
Microsoft Visual Studio Solution File, Format Version 12.00
# Visual Studio Version 17
VisualStudioVersion = 17.14.36414.22
MinimumVisualStudioVersion = 10.0.40219.1
Project("{2150E333-8FDC-42A3-9474-1A3956D46DE8}") = "Task0", "Task0", "{02EA681E-C7D8-13C7-8484-4AC65E1B71E8}"
EndProject
Project("{FAE04EC0-301F-11D3-BF4B-00C04F79EFBC}") = "Tyuiu.SivolapEM.Sprint5.Task0.V22", "Tyuiu.SivolapEM.Sprint5.Task0.V22\Tyuiu.SivolapEM.Sprint5.Task0.V22.csproj", "{A7F9B110-B3A2-4B8C-AB7E-49155A6E6AC6}"
EndProject
Project("{FAE04EC0-301F-11D3-BF4B-00C04F79EFBC}") = "Tyuiu.SivolapEM.Sprint5.Task0.V22.Lib", "Tyuiu.SivolapEM.Sprint5.Task0.V22.Lib\Tyuiu.SivolapEM.Sprint5.Task0.V22.Lib.csproj", "{33810462-ACF6-4A8D-8D67-B4C1412D750E}"
EndProject
Project("{FAE04EC0-301F-11D3-BF4B-00C04F79EFBC}") = "Tyuiu.SivolapEM.Sprint5.Task0.V22.Test", "Tyuiu.SivolapEM.Sprint5.Task0.V22.Test\Tyuiu.SivolapEM.Sprint5.Task0.V22.Test.csproj", "{CD7B86C4-E3E1-440C-AD89-BB3CC51E581C}"
EndProject
Project("{2150E333-8FDC-42A3-9474-1A3956D46DE8}") = "Task1", "Task1", "{ADBB8438-4003-4229-9D39-99DEC527CBED}"
EndProject
Project("{FAE04EC0-301F-11D3-BF4B-00C04F79EFBC}") = "Tyuiu.SivolapEM.Sprint5.Task1.V24", "Tyuiu.SivolapEM.Sprint5.Task1.V24\Tyuiu.SivolapEM.Sprint5.Task1.V24.csproj", "{81C05FA8-47FD-48F1-802C-6110B77A3336}"
EndProject
Project("{FAE04EC0-301F-11D3-BF4B-00C04F79EFBC}") = "Tyuiu.SivolapEM.Sprint5.Task1.V24.Lib", "Tyuiu.SivolapEM.Sprint5.Task1.V24.Lib\Tyuiu.SivolapEM.Sprint5.Task1.V24.Lib.csproj", "{DC738849-4824-4A0E-BB5B-3B121467E51C}"
EndProject
Project("{FAE04EC0-301F-11D3-BF4B-00C04F79EFBC}") = "Tyuiu.SivolapEM.Sprint5.Task1.V24.Test", "Tyuiu.SivolapEM.Sprint5.Task1.V24.Test\Tyuiu.SivolapEM.Sprint5.Task1.V24.Test.csproj", "{7C9D6804-B418-4DD4-B5DB-78704E0E6720}"
EndProject
Project("{2150E333-8FDC-42A3-9474-1A3956D46DE8}") = "Task2", "Task2", "{B8F9907D-EFB5-45D6-9403-6C4B59EF4344}"
EndProject
Project("{FAE04EC0-301F-11D3-BF4B-00C04F79EFBC}") = "Tyuiu.SivolapEM.Sprint5.Task2.V6", "Tyuiu.SivolapEM.Sprint5.Task2.V6\Tyuiu.SivolapEM.Sprint5.Task2.V6.csproj", "{4E74FC37-DAE4-4676-922C-D2D5CAED9ED6}"
EndProject
Project("{FAE04EC0-301F-11D3-BF4B-00C04F79EFBC}") = "Tyuiu.SivolapEM.Sprint5.Task2.V6.Lib", "Tyuiu.SivolapEM.Sprint5.Task2.V6.Lib\Tyuiu.SivolapEM.Sprint5.Task2.V6.Lib.csproj", "{58E4D9DA-CEA1-4A60-865B-124623F21571}"
EndProject
Project("{FAE04EC0-301F-11D3-BF4B-00C04F79EFBC}") = "Tyuiu.SivolapEM.Sprint5.Task2.V6.Test", "Tyuiu.SivolapEM.Sprint5.Task2.V6.Test\Tyuiu.SivolapEM.Sprint5.Task2.V6.Test.csproj", "{9241B24C-3AF1-443F-9D78-1ADF77CDE705}"
EndProject
Project("{2150E333-8FDC-42A3-9474-1A3956D46DE8}") = "Task3", "Task3", "{0F5E9709-C324-4190-BC0A-2FE47279BDF9}"
EndProject
Project("{FAE04EC0-301F-11D3-BF4B-00C04F79EFBC}") = "Tyuiu.SivolapEM.Sprint5.Task3.V30", "Tyuiu.SivolapEM.Sprint5.Task3.V30\Tyuiu.SivolapEM.Sprint5.Task3.V30.csproj", "{00799FAC-5804-41CC-8101-1E478933C359}"
EndProject
Project("{FAE04EC0-301F-11D3-BF4B-00C04F79EFBC}") = "Tyuiu.SivolapEM.Sprint5.Task3.V30.Test", "Tyuiu.SivolapEM.Sprint5.Task3.V30.Test\Tyuiu.SivolapEM.Sprint5.Task3.V30.Test.csproj", "{F3D6D7C5-F2EC-4F08-BA08-A42C15E3A59B}"
EndProject
Project("{FAE04EC0-301F-11D3-BF4B-00C04F79EFBC}") = "Tyuiu.SivolapEM.Sprint5.Task3.V30.Lib", "Tyuiu.SivolapEM.Sprint5.Task3.V30.Lib\Tyuiu.SivolapEM.Sprint5.Task3.V30.Lib.csproj", "{19BB2361-8C37-4262-B734-0111AD67A228}"
EndProject
Project("{2150E333-8FDC-42A3-9474-1A3956D46DE8}") = "Task4", "Task4", "{9BF71F36-9416-4D99-837A-2D8BD7186D9E}"
EndProject
Project("{FAE04EC0-301F-11D3-BF4B-00C04F79EFBC}") = "Tyuiu.SivolapEM.Sprint5.Task4.V4", "Tyuiu.SivolapEM.Sprint5.Task4.V4\Tyuiu.SivolapEM.Sprint5.Task4.V4.csproj", "{231667F8-6BC3-4CFE-AC18-4D0BB6AE8854}"
EndProject
Project("{FAE04EC0-301F-11D3-BF4B-00C04F79EFBC}") = "Tyuiu.SivolapEM.Sprint5.Task4.V4.Lib", "Tyuiu.SivolapEM.Sprint5.Task4.V4.Lib\Tyuiu.SivolapEM.Sprint5.Task4.V4.Lib.csproj", "{B85BA4E1-A966-49EB-92DF-25A5DDCD8872}"
EndProject
Project("{FAE04EC0-301F-11D3-BF4B-00C04F79EFBC}") = "Tyuiu.SivolapEM.Sprint5.Task4.V4.Test", "Tyuiu.SivolapEM.Sprint5.Task4.V4.Test\Tyuiu.SivolapEM.Sprint5.Task4.V4.Test.csproj", "{565BB57E-BFEF-4A92-9133-273849E203A5}"
EndProject
Project("{2150E333-8FDC-42A3-9474-1A3956D46DE8}") = "Task5", "Task5", "{61AA5A3F-BA61-47DF-804E-D34AA3784B85}"
EndProject
Project("{FAE04EC0-301F-11D3-BF4B-00C04F79EFBC}") = "Tyuiu.SivolapEM.Sprint5.Task5.V21", "Tyuiu.SivolapEM.Sprint5.Task5.V21\Tyuiu.SivolapEM.Sprint5.Task5.V21.csproj", "{40125FAD-44CA-4CB0-95BF-0DB3E191D649}"
EndProject
Project("{FAE04EC0-301F-11D3-BF4B-00C04F79EFBC}") = "Tyuiu.SivolapEM.Sprint5.Task5.V21.Test", "Tyuiu.SivolapEM.Sprint5.Task5.V21.Test\Tyuiu.SivolapEM.Sprint5.Task5.V21.Test.csproj", "{6C47F6C2-F0ED-4499-B60F-8B9554261EAF}"
EndProject
Project("{FAE04EC0-301F-11D3-BF4B-00C04F79EFBC}") = "Tyuiu.SivolapEM.Sprint5.Task5.V21.Lib", "Tyuiu.SivolapEM.Sprint5.Task5.V21.Lib\Tyuiu.SivolapEM.Sprint5.Task5.V21.Lib.csproj", "{AFA70FEF-0C49-49B9-8C66-7D7A09860460}"
EndProject
Project("{2150E333-8FDC-42A3-9474-1A3956D46DE8}") = "Task6", "Task6", "{3BF3FDDF-4EF4-48CB-8A38-836BCA38D0C2}"
EndProject
Project("{FAE04EC0-301F-11D3-BF4B-00C04F79EFBC}") = "Tyuiu.SivolapEM.Sprint5.Task6.V30", "Tyuiu.SivolapEM.Sprint5.Task6.V30\Tyuiu.SivolapEM.Sprint5.Task6.V30.csproj", "{D3A0297D-BC7E-4E26-B832-304683EAC011}"
EndProject
Project("{FAE04EC0-301F-11D3-BF4B-00C04F79EFBC}") = "Tyuiu.SivolapEM.Sprint5.Task6.V30.Lib", "Tyuiu.SivolapEM.Sprint5.Task6.V30.Lib\Tyuiu.SivolapEM.Sprint5.Task6.V30.Lib.csproj", "{1096C219-2A51-4E49-8269-AD26C9BB70C0}"
EndProject
Project("{FAE04EC0-301F-11D3-BF4B-00C04F79EFBC}") = "Tyuiu.SivolapEM.Sprint5.Task6.V30.Test", "Tyuiu.SivolapEM.Sprint5.Task6.V30.Test\Tyuiu.SivolapEM.Sprint5.Task6.V30.Test.csproj", "{E6B38126-6A22-43D6-9CCC-F225A58067D0}"
EndProject
Project("{2150E333-8FDC-42A3-9474-1A3956D46DE8}") = "Task7", "Task7", "{DB895456-5A4D-4DE4-A3FB-DAE719EC11B0}"
EndProject
Project("{FAE04EC0-301F-11D3-BF4B-00C04F79EFBC}") = "Tyuiu.SivolapEM.Sprint5.Task7.V12", "Tyuiu.SivolapEM.Sprint5.Task7.V12\Tyuiu.SivolapEM.Sprint5.Task7.V12.csproj", "{D51109DE-464A-4E60-AF98-704B5BB4424E}"
EndProject
Project("{FAE04EC0-301F-11D3-BF4B-00C04F79EFBC}") = "Tyuiu.SivolapEM.Sprint5.Task7.V12.Test", "Tyuiu.SivolapEM.Sprint5.Task7.V12.Test\Tyuiu.SivolapEM.Sprint5.Task7.V12.Test.csproj", "{09E6567D-187E-43C6-8492-4DB9275BE9E0}"
EndProject
Project("{FAE04EC0-301F-11D3-BF4B-00C04F79EFBC}") = "Tyuiu.SivolapEM.Sprint5.Task7.V12.Lib", "Tyuiu.SivolapEM.Sprint5.Task7.V12.Lib\Tyuiu.SivolapEM.Sprint5.Task7.V12.Lib.csproj", "{3C773D46-269B-4A1A-B8A6-B7F47898816E}"
EndProject
Global
	GlobalSection(SolutionConfigurationPlatforms) = preSolution
		Debug|Any CPU = Debug|Any CPU
		Release|Any CPU = Release|Any CPU
	EndGlobalSection
	GlobalSection(ProjectConfigurationPlatforms) = postSolution
		{A7F9B110-B3A2-4B8C-AB7E-49155A6E6AC6}.Debug|Any CPU.ActiveCfg = Debug|Any CPU
		{A7F9B110-B3A2-4B8C-AB7E-49155A6E6AC6}.Debug|Any CPU.Build.0 = Debug|Any CPU
		{A7F9B110-B3A2-4B8C-AB7E-49155A6E6AC6}.Release|Any CPU.ActiveCfg = Release|Any CPU
		{A7F9B110-B3A2-4B8C-AB7E-49155A6E6AC6}.Release|Any CPU.Build.0 = Release|Any CPU
		{33810462-ACF6-4A8D-8D67-B4C1412D750E}.Debug|Any CPU.ActiveCfg = Debug|Any CPU
		{33810462-ACF6-4A8D-8D67-B4C1412D750E}.Debug|Any CPU.Build.0 = Debug|Any CPU
		{33810462-ACF6-4A8D-8D67-B4C1412D750E}.Release|Any CPU.ActiveCfg = Release|Any CPU
		{33810462-ACF6-4A8D-8D67-B4C1412D750E}.Release|Any CPU.Build.0 = Release|Any CPU
		{CD7B86C4-E3E1-440C-AD89-BB3CC51E581C}.Debug|Any CPU.ActiveCfg = Debug|Any CPU
		{CD7B86C4-E3E1-440C-AD89-BB3CC51E581C}.Debug|Any CPU.Build.0 = Debug|Any CPU
		{CD7B86C4-E3E1-440C-AD89-BB3CC51E581C}.Release|Any CPU.ActiveCfg = Release|Any CPU
		{CD7B86C4-E3E1-440C-AD89-BB3CC51E581C}.Release|Any CPU.Build.0 = Release|Any CPU
		{81C05FA8-47FD-48F1-802C-6110B77A3336}.Debug|Any CPU.ActiveCfg = Debug|Any CPU
		{81C05FA8-47FD-48F1-802C-6110B77A3336}.Debug|Any CPU.Build.0 = Debug|Any CPU
		{81C05FA8-47FD-48F1-802C-6110B77A3336}.Release|Any CPU.ActiveCfg = Release|Any CPU
		{81C05FA8-47FD-48F1-802C-6110B77A3336}.Release|Any CPU.Build.0 = Release|Any CPU
		{DC738849-4824-4A0E-BB5B-3B121467E51C}.Debug|Any CPU.ActiveCfg = Debug|Any CPU
		{DC738849-4824-4A0E-BB5B-3B121467E51C}.Debug|Any CPU.Build.0 = Debug|Any CPU
		{DC738849-4824-4A0E-BB5B-3B121467E51C}.Release|Any CPU.ActiveCfg = Release|Any CPU
		{DC738849-4824-4A0E-BB5B-3B121467E51C}.Release|Any CPU.Build.0 = Release|Any CPU
		{7C9D6804-B418-4DD4-B5DB-78704E0E6720}.Debug|Any CPU.ActiveCfg = Debug|Any CPU
		{7C9D6804-B418-4DD4-B5DB-78704E0E6720}.Debug|Any CPU.Build.0 = Debug|Any CPU
		{7C9D6804-B418-4DD4-B5DB-78704E0E6720}.Release|Any CPU.ActiveCfg = Release|Any CPU
		{7C9D6804-B418-4DD4-B5DB-78704E0E6720}.Release|Any CPU.Build.0 = Release|Any CPU
		{4E74FC37-DAE4-4676-922C-D2D5CAED9ED6}.Debug|Any CPU.ActiveCfg = Debug|Any CPU
		{4E74FC37-DAE4-4676-922C-D2D5CAED9ED6}.Debug|Any CPU.Build.0 = Debug|Any CPU
		{4E74FC37-DAE4-4676-922C-D2D5CAED9ED6}.Release|Any CPU.ActiveCfg = Release|Any CPU
		{4E74FC37-DAE4-4676-922C-D2D5CAED9ED6}.Release|Any CPU.Build.0 = Release|Any CPU
		{58E4D9DA-CEA1-4A60-865B-124623F21571}.Debug|Any CPU.ActiveCfg = Debug|Any CPU
		{58E4D9DA-CEA1-4A60-865B-124623F21571}.Debug|Any CPU.Build.0 = Debug|Any CPU
		{58E4D9DA-CEA1-4A60-865B-124623F21571}.Release|Any CPU.ActiveCfg = Release|Any CPU
		{58E4D9DA-CEA1-4A60-865B-124623F21571}.Release|Any CPU.Build.0 = Release|Any CPU
		{9241B24C-3AF1-443F-9D78-1ADF77CDE705}.Debug|Any CPU.ActiveCfg = Debug|Any CPU
		{9241B24C-3AF1-443F-9D78-1ADF77CDE705}.Debug|Any CPU.Build.0 = Debug|Any CPU
		{9241B24C-3AF1-443F-9D78-1ADF77CDE705}.Release|Any CPU.ActiveCfg = Release|Any CPU
		{9241B24C-3AF1-443F-9D78-1ADF77CDE705}.Release|Any CPU.Build.0 = Release|Any CPU
		{00799FAC-5804-41CC-8101-1E478933C359}.Debug|Any CPU.ActiveCfg = Debug|Any CPU
		{00799FAC-5804-41CC-8101-1E478933C359}.Debug|Any CPU.Build.0 = Debug|Any CPU
		{00799FAC-5804-41CC-8101-1E478933C359}.Release|Any CPU.ActiveCfg = Release|Any CPU
		{00799FAC-5804-41CC-8101-1E478933C359}.Release|Any CPU.Build.0 = Release|Any CPU
		{F3D6D7C5-F2EC-4F08-BA08-A42C15E3A59B}.Debug|Any CPU.ActiveCfg = Debug|Any CPU
		{F3D6D7C5-F2EC-4F08-BA08-A42C15E3A59B}.Debug|Any CPU.Build.0 = Debug|Any CPU
		{F3D6D7C5-F2EC-4F08-BA08-A42C15E3A59B}.Release|Any CPU.ActiveCfg = Release|Any CPU
		{F3D6D7C5-F2EC-4F08-BA08-A42C15E3A59B}.Release|Any CPU.Build.0 = Release|Any CPU
		{19BB2361-8C37-4262-B734-0111AD67A228}.Debug|Any CPU.ActiveCfg = Debug|Any CPU
		{19BB2361-8C37-4262-B734-0111AD67A228}.Debug|Any CPU.Build.0 = Debug|Any CPU
		{19BB2361-8C37-4262-B734-0111AD67A228}.Release|Any CPU.ActiveCfg = Release|Any CPU
		{19BB2361-8C37-4262-B734-0111AD67A228}.Release|Any CPU.Build.0 = Release|Any CPU
		{231667F8-6BC3-4CFE-AC18-4D0BB6AE8854}.Debug|Any CPU.ActiveCfg = Debug|Any CPU
		{231667F8-6BC3-4CFE-AC18-4D0BB6AE8854}.Debug|Any CPU.Build.0 = Debug|Any CPU
		{231667F8-6BC3-4CFE-AC18-4D0BB6AE8854}.Release|Any CPU.ActiveCfg = Release|Any CPU
		{231667F8-6BC3-4CFE-AC18-4D0BB6AE8854}.Release|Any CPU.Build.0 = Release|Any CPU
		{B85BA4E1-A966-49EB-92DF-25A5DDCD8872}.Debug|Any CPU.ActiveCfg = Debug|Any CPU
		{B85BA4E1-A966-49EB-92DF-25A5DDCD8872}.Debug|Any CPU.Build.0 = Debug|Any CPU
		{B85BA4E1-A966-49EB-92DF-25A5DDCD8872}.Release|Any CPU.ActiveCfg = Release|Any CPU
		{B85BA4E1-A966-49EB-92DF-25A5DDCD8872}.Release|Any CPU.Build.0 = Release|Any CPU
		{565BB57E-BFEF-4A92-9133-273849E203A5}.Debug|Any CPU.ActiveCfg = Debug|Any CPU
		{565BB57E-BFEF-4A92-9133-273849E203A5}.Debug|Any CPU.Build.0 = Debug|Any CPU
		{565BB57E-BFEF-4A92-9133-273849E203A5}.Release|Any CPU.ActiveCfg = Release|Any CPU
		{565BB57E-BFEF-4A92-9133-273849E203A5}.Release|Any CPU.Build.0 = Release|Any CPU
		{40125FAD-44CA-4CB0-95BF-0DB3E191D649}.Debug|Any CPU.ActiveCfg = Debug|Any CPU
		{40125FAD-44CA-4CB0-95BF-0DB3E191D649}.Debug|Any CPU.Build.0 = Debug|Any CPU
		{40125FAD-44CA-4CB0-95BF-0DB3E191D649}.Release|Any CPU.ActiveCfg = Release|Any CPU
		{40125FAD-44CA-4CB0-95BF-0DB3E191D649}.Release|Any CPU.Build.0 = Release|Any CPU
		{6C47F6C2-F0ED-4499-B60F-8B9554261EAF}.Debug|Any CPU.ActiveCfg = Debug|Any CPU
		{6C47F6C2-F0ED-4499-B60F-8B9554261EAF}.Debug|Any CPU.Build.0 = Debug|Any CPU
		{6C47F6C2-F0ED-4499-B60F-8B9554261EAF}.Release|Any CPU.ActiveCfg = Release|Any CPU
		{6C47F6C2-F0ED-4499-B60F-8B9554261EAF}.Release|Any CPU.Build.0 = Release|Any CPU
		{AFA70FEF-0C49-49B9-8C66-7D7A09860460}.Debug|Any CPU.ActiveCfg = Debug|Any CPU
		{AFA70FEF-0C49-49B9-8C66-7D7A09860460}.Debug|Any CPU.Build.0 = Debug|Any CPU
		{AFA70FEF-0C49-49B9-8C66-7D7A09860460}.Release|Any CPU.ActiveCfg = Release|Any CPU
		{AFA70FEF-0C49-49B9-8C66-7D7A09860460}.Release|Any CPU.Build.0 = Release|Any CPU
		{D3A0297D-BC7E-4E26-B832-304683EAC011}.Debug|Any CPU.ActiveCfg = Debug|Any CPU
		{D3A0297D-BC7E-4E26-B832-304683EAC011}.Debug|Any CPU.Build.0 = Debug|Any CPU
		{D3A0297D-BC7E-4E26-B832-304683EAC011}.Release|Any CPU.ActiveCfg = Release|Any CPU
		{D3A0297D-BC7E-4E26-B832-304683EAC011}.Release|Any CPU.Build.0 = Release|Any CPU
		{1096C219-2A51-4E49-8269-AD26C9BB70C0}.Debug|Any CPU.ActiveCfg = Debug|Any CPU
		{1096C219-2A51-4E49-8269-AD26C9BB70C0}.Debug|Any CPU.Build.0 = Debug|Any CPU
		{1096C219-2A51-4E49-8269-AD26C9BB70C0}.Release|Any CPU.ActiveCfg = Release|Any CPU
		{1096C219-2A51-4E49-8269-AD26C9BB70C0}.Release|Any CPU.Build.0 = Release|Any CPU
		{E6B38126-6A22-43D6-9CCC-F225A58067D0}.Debug|Any CPU.ActiveCfg = Debug|Any CPU
		{E6B38126-6A22-43D6-9CCC-F225A58067D0}.Debug|Any CPU.Build.0 = Debug|Any CPU
		{E6B38126-6A22-43D6-9CCC-F225A58067D0}.Release|Any CPU.ActiveCfg = Release|Any CPU
		{E6B38126-6A22-43D6-9CCC-F225A58067D0}.Release|Any CPU.Build.0 = Release|Any CPU
		{D51109DE-464A-4E60-AF98-704B5BB4424E}.Debug|Any CPU.ActiveCfg = Debug|Any CPU
		{D51109DE-464A-4E60-AF98-704B5BB4424E}.Debug|Any CPU.Build.0 = Debug|Any CPU
		{D51109DE-464A-4E60-AF98-704B5BB4424E}.Release|Any CPU.ActiveCfg = Release|Any CPU
		{D51109DE-464A-4E60-AF98-704B5BB4424E}.Release|Any CPU.Build.0 = Release|Any CPU
		{09E6567D-187E-43C6-8492-4DB9275BE9E0}.Debug|Any CPU.ActiveCfg = Debug|Any CPU
		{09E6567D-187E-43C6-8492-4DB9275BE9E0}.Debug|Any CPU.Build.0 = Debug|Any CPU
		{09E6567D-187E-43C6-8492-4DB9275BE9E0}.Release|Any CPU.ActiveCfg = Release|Any CPU
		{09E6567D-187E-43C6-8492-4DB9275BE9E0}.Release|Any CPU.Build.0 = Release|Any CPU
		{3C773D46-269B-4A1A-B8A6-B7F47898816E}.Debug|Any CPU.ActiveCfg = Debug|Any CPU
		{3C773D46-269B-4A1A-B8A6-B7F47898816E}.Debug|Any CPU.Build.0 = Debug|Any CPU
		{3C773D46-269B-4A1A-B8A6-B7F47898816E}.Release|Any CPU.ActiveCfg = Release|Any CPU
		{3C773D46-269B-4A1A-B8A6-B7F47898816E}.Release|Any CPU.Build.0 = Release|Any CPU
	EndGlobalSection
	GlobalSection(SolutionProperties) = preSolution
		HideSolutionNode = FALSE
	EndGlobalSection
	GlobalSection(NestedProjects) = preSolution
		{A7F9B110-B3A2-4B8C-AB7E-49155A6E6AC6} = {02EA681E-C7D8-13C7-8484-4AC65E1B71E8}
		{33810462-ACF6-4A8D-8D67-B4C1412D750E} = {02EA681E-C7D8-13C7-8484-4AC65E1B71E8}
		{CD7B86C4-E3E1-440C-AD89-BB3CC51E581C} = {02EA681E-C7D8-13C7-8484-4AC65E1B71E8}
		{81C05FA8-47FD-48F1-802C-6110B77A3336} = {ADBB8438-4003-4229-9D39-99DEC527CBED}
		{DC738849-4824-4A0E-BB5B-3B121467E51C} = {ADBB8438-4003-4229-9D39-99DEC527CBED}
		{7C9D6804-B418-4DD4-B5DB-78704E0E6720} = {ADBB8438-4003-4229-9D39-99DEC527CBED}
		{4E74FC37-DAE4-4676-922C-D2D5CAED9ED6} = {B8F9907D-EFB5-45D6-9403-6C4B59EF4344}
		{58E4D9DA-CEA1-4A60-865B-124623F21571} = {B8F9907D-EFB5-45D6-9403-6C4B59EF4344}
		{9241B24C-3AF1-443F-9D78-1ADF77CDE705} = {B8F9907D-EFB5-45D6-9403-6C4B59EF4344}
		{00799FAC-5804-41CC-8101-1E478933C359} = {0F5E9709-C324-4190-BC0A-2FE47279BDF9}
		{F3D6D7C5-F2EC-4F08-BA08-A42C15E3A59B} = {0F5E9709-C324-4190-BC0A-2FE47279BDF9}
		{19BB2361-8C37-4262-B734-0111AD67A228} = {0F5E9709-C324-4190-BC0A-2FE47279BDF9}
		{231667F8-6BC3-4CFE-AC18-4D0BB6AE8854} = {9BF71F36-9416-4D99-837A-2D8BD7186D9E}
		{B85BA4E1-A966-49EB-92DF-25A5DDCD8872} = {9BF71F36-9416-4D99-837A-2D8BD7186D9E}
		{565BB57E-BFEF-4A92-9133-273849E203A5} = {9BF71F36-9416-4D99-837A-2D8BD7186D9E}
		{40125FAD-44CA-4CB0-95BF-0DB3E191D649} = {61AA5A3F-BA61-47DF-804E-D34AA3784B85}
		{6C47F6C2-F0ED-4499-B60F-8B9554261EAF} = {61AA5A3F-BA61-47DF-804E-D34AA3784B85}
		{AFA70FEF-0C49-49B9-8C66-7D7A09860460} = {61AA5A3F-BA61-47DF-804E-D34AA3784B85}
		{D3A0297D-BC7E-4E26-B832-304683EAC011} = {3BF3FDDF-4EF4-48CB-8A38-836BCA38D0C2}
		{1096C219-2A51-4E49-8269-AD26C9BB70C0} = {3BF3FDDF-4EF4-48CB-8A38-836BCA38D0C2}
		{E6B38126-6A22-43D6-9CCC-F225A58067D0} = {3BF3FDDF-4EF4-48CB-8A38-836BCA38D0C2}
		{D51109DE-464A-4E60-AF98-704B5BB4424E} = {DB895456-5A4D-4DE4-A3FB-DAE719EC11B0}
		{09E6567D-187E-43C6-8492-4DB9275BE9E0} = {DB895456-5A4D-4DE4-A3FB-DAE719EC11B0}
		{3C773D46-269B-4A1A-B8A6-B7F47898816E} = {DB895456-5A4D-4DE4-A3FB-DAE719EC11B0}
	EndGlobalSection
	GlobalSection(ExtensibilityGlobals) = postSolution
		SolutionGuid = {17538734-E44E-4504-9062-BAA059C724E9}
	EndGlobalSection
EndGlobal
